// !$*UTF8*$!
{
	archiveVersion = 1;
	classes = {
	};
	objectVersion = 50;
	objects = {

/* Begin PBXBuildFile section */
		112FC2BB211E703B00E3D4B7 /* AppDelegate.swift in Sources */ = {isa = PBXBuildFile; fileRef = 112FC2BA211E703B00E3D4B7 /* AppDelegate.swift */; };
		112FC2BD211E703B00E3D4B7 /* ViewController.swift in Sources */ = {isa = PBXBuildFile; fileRef = 112FC2BC211E703B00E3D4B7 /* ViewController.swift */; };
		112FC2C0211E703B00E3D4B7 /* Main.storyboard in Resources */ = {isa = PBXBuildFile; fileRef = 112FC2BE211E703B00E3D4B7 /* Main.storyboard */; };
		112FC2C3211E703B00E3D4B7 /* AnimatedProgressBars.xcdatamodeld in Sources */ = {isa = PBXBuildFile; fileRef = 112FC2C1211E703B00E3D4B7 /* AnimatedProgressBars.xcdatamodeld */; };
		112FC2C5211E703C00E3D4B7 /* Assets.xcassets in Resources */ = {isa = PBXBuildFile; fileRef = 112FC2C4211E703C00E3D4B7 /* Assets.xcassets */; };
		112FC2C8211E703C00E3D4B7 /* LaunchScreen.storyboard in Resources */ = {isa = PBXBuildFile; fileRef = 112FC2C6211E703C00E3D4B7 /* LaunchScreen.storyboard */; };
		112FC2D3211E703C00E3D4B7 /* AnimatedProgressBarsTests.swift in Sources */ = {isa = PBXBuildFile; fileRef = 112FC2D2211E703C00E3D4B7 /* AnimatedProgressBarsTests.swift */; };
		11760139212620BF004BDC73 /* Extensions.swift in Sources */ = {isa = PBXBuildFile; fileRef = 11760138212620BF004BDC73 /* Extensions.swift */; };
/* End PBXBuildFile section */

/* Begin PBXContainerItemProxy section */
		112FC2CF211E703C00E3D4B7 /* PBXContainerItemProxy */ = {
			isa = PBXContainerItemProxy;
			containerPortal = 112FC2AF211E703B00E3D4B7 /* Project object */;
			proxyType = 1;
			remoteGlobalIDString = 112FC2B6211E703B00E3D4B7;
			remoteInfo = AnimatedProgressBars;
		};
/* End PBXContainerItemProxy section */

/* Begin PBXFileReference section */
		112FC2B7211E703B00E3D4B7 /* AnimatedProgressBars.app */ = {isa = PBXFileReference; explicitFileType = wrapper.application; includeInIndex = 0; path = AnimatedProgressBars.app; sourceTree = BUILT_PRODUCTS_DIR; };
		112FC2BA211E703B00E3D4B7 /* AppDelegate.swift */ = {isa = PBXFileReference; lastKnownFileType = sourcecode.swift; path = AppDelegate.swift; sourceTree = "<group>"; };
		112FC2BC211E703B00E3D4B7 /* ViewController.swift */ = {isa = PBXFileReference; lastKnownFileType = sourcecode.swift; path = ViewController.swift; sourceTree = "<group>"; };
		112FC2BF211E703B00E3D4B7 /* Base */ = {isa = PBXFileReference; lastKnownFileType = file.storyboard; name = Base; path = Base.lproj/Main.storyboard; sourceTree = "<group>"; };
		112FC2C2211E703B00E3D4B7 /* AnimatedProgressBars.xcdatamodel */ = {isa = PBXFileReference; lastKnownFileType = wrapper.xcdatamodel; path = AnimatedProgressBars.xcdatamodel; sourceTree = "<group>"; };
		112FC2C4211E703C00E3D4B7 /* Assets.xcassets */ = {isa = PBXFileReference; lastKnownFileType = folder.assetcatalog; path = Assets.xcassets; sourceTree = "<group>"; };
		112FC2C7211E703C00E3D4B7 /* Base */ = {isa = PBXFileReference; lastKnownFileType = file.storyboard; name = Base; path = Base.lproj/LaunchScreen.storyboard; sourceTree = "<group>"; };
		112FC2C9211E703C00E3D4B7 /* Info.plist */ = {isa = PBXFileReference; lastKnownFileType = text.plist.xml; path = Info.plist; sourceTree = "<group>"; };
		112FC2CE211E703C00E3D4B7 /* AnimatedProgressBarsTests.xctest */ = {isa = PBXFileReference; explicitFileType = wrapper.cfbundle; includeInIndex = 0; path = AnimatedProgressBarsTests.xctest; sourceTree = BUILT_PRODUCTS_DIR; };
		112FC2D2211E703C00E3D4B7 /* AnimatedProgressBarsTests.swift */ = {isa = PBXFileReference; lastKnownFileType = sourcecode.swift; path = AnimatedProgressBarsTests.swift; sourceTree = "<group>"; };
		112FC2D4211E703C00E3D4B7 /* Info.plist */ = {isa = PBXFileReference; lastKnownFileType = text.plist.xml; path = Info.plist; sourceTree = "<group>"; };
		11760138212620BF004BDC73 /* Extensions.swift */ = {isa = PBXFileReference; lastKnownFileType = sourcecode.swift; path = Extensions.swift; sourceTree = "<group>"; };
/* End PBXFileReference section */

/* Begin PBXFrameworksBuildPhase section */
		112FC2B4211E703B00E3D4B7 /* Frameworks */ = {
			isa = PBXFrameworksBuildPhase;
			buildActionMask = 2147483647;
			files = (
			);
			runOnlyForDeploymentPostprocessing = 0;
		};
		112FC2CB211E703C00E3D4B7 /* Frameworks */ = {
			isa = PBXFrameworksBuildPhase;
			buildActionMask = 2147483647;
			files = (
			);
			runOnlyForDeploymentPostprocessing = 0;
		};
/* End PBXFrameworksBuildPhase section */

/* Begin PBXGroup section */
		112FC2AE211E703B00E3D4B7 = {
			isa = PBXGroup;
			children = (
				112FC2B9211E703B00E3D4B7 /* AnimatedProgressBars */,
				112FC2D1211E703C00E3D4B7 /* AnimatedProgressBarsTests */,
				112FC2B8211E703B00E3D4B7 /* Products */,
			);
			sourceTree = "<group>";
		};
		112FC2B8211E703B00E3D4B7 /* Products */ = {
			isa = PBXGroup;
			children = (
				112FC2B7211E703B00E3D4B7 /* AnimatedProgressBars.app */,
				112FC2CE211E703C00E3D4B7 /* AnimatedProgressBarsTests.xctest */,
			);
			name = Products;
			sourceTree = "<group>";
		};
		112FC2B9211E703B00E3D4B7 /* AnimatedProgressBars */ = {
			isa = PBXGroup;
			children = (
				112FC2BA211E703B00E3D4B7 /* AppDelegate.swift */,
				112FC2BC211E703B00E3D4B7 /* ViewController.swift */,
				112FC2BE211E703B00E3D4B7 /* Main.storyboard */,
				112FC2C4211E703C00E3D4B7 /* Assets.xcassets */,
				112FC2C6211E703C00E3D4B7 /* LaunchScreen.storyboard */,
				112FC2C9211E703C00E3D4B7 /* Info.plist */,
				112FC2C1211E703B00E3D4B7 /* AnimatedProgressBars.xcdatamodeld */,
				11760138212620BF004BDC73 /* Extensions.swift */,
			);
			path = AnimatedProgressBars;
			sourceTree = "<group>";
		};
		112FC2D1211E703C00E3D4B7 /* AnimatedProgressBarsTests */ = {
			isa = PBXGroup;
			children = (
				112FC2D2211E703C00E3D4B7 /* AnimatedProgressBarsTests.swift */,
				112FC2D4211E703C00E3D4B7 /* Info.plist */,
			);
			path = AnimatedProgressBarsTests;
			sourceTree = "<group>";
		};
/* End PBXGroup section */

/* Begin PBXNativeTarget section */
		112FC2B6211E703B00E3D4B7 /* AnimatedProgressBars */ = {
			isa = PBXNativeTarget;
			buildConfigurationList = 112FC2D7211E703C00E3D4B7 /* Build configuration list for PBXNativeTarget "AnimatedProgressBars" */;
			buildPhases = (
				112FC2B3211E703B00E3D4B7 /* Sources */,
				112FC2B4211E703B00E3D4B7 /* Frameworks */,
				112FC2B5211E703B00E3D4B7 /* Resources */,
			);
			buildRules = (
			);
			dependencies = (
			);
			name = AnimatedProgressBars;
			productName = AnimatedProgressBars;
			productReference = 112FC2B7211E703B00E3D4B7 /* AnimatedProgressBars.app */;
			productType = "com.apple.product-type.application";
		};
		112FC2CD211E703C00E3D4B7 /* AnimatedProgressBarsTests */ = {
			isa = PBXNativeTarget;
			buildConfigurationList = 112FC2DA211E703C00E3D4B7 /* Build configuration list for PBXNativeTarget "AnimatedProgressBarsTests" */;
			buildPhases = (
				112FC2CA211E703C00E3D4B7 /* Sources */,
				112FC2CB211E703C00E3D4B7 /* Frameworks */,
				112FC2CC211E703C00E3D4B7 /* Resources */,
			);
			buildRules = (
			);
			dependencies = (
				112FC2D0211E703C00E3D4B7 /* PBXTargetDependency */,
			);
			name = AnimatedProgressBarsTests;
			productName = AnimatedProgressBarsTests;
			productReference = 112FC2CE211E703C00E3D4B7 /* AnimatedProgressBarsTests.xctest */;
			productType = "com.apple.product-type.bundle.unit-test";
		};
/* End PBXNativeTarget section */

/* Begin PBXProject section */
		112FC2AF211E703B00E3D4B7 /* Project object */ = {
			isa = PBXProject;
			attributes = {
				LastSwiftUpdateCheck = 0940;
				LastUpgradeCheck = 0940;
				ORGANIZATIONNAME = "Ayman Zeine";
				TargetAttributes = {
					112FC2B6211E703B00E3D4B7 = {
						CreatedOnToolsVersion = 9.4.1;
					};
					112FC2CD211E703C00E3D4B7 = {
						CreatedOnToolsVersion = 9.4.1;
						TestTargetID = 112FC2B6211E703B00E3D4B7;
					};
				};
			};
			buildConfigurationList = 112FC2B2211E703B00E3D4B7 /* Build configuration list for PBXProject "AnimatedProgressBars" */;
			compatibilityVersion = "Xcode 9.3";
			developmentRegion = en;
			hasScannedForEncodings = 0;
			knownRegions = (
				en,
				Base,
			);
			mainGroup = 112FC2AE211E703B00E3D4B7;
			productRefGroup = 112FC2B8211E703B00E3D4B7 /* Products */;
			projectDirPath = "";
			projectRoot = "";
			targets = (
				112FC2B6211E703B00E3D4B7 /* AnimatedProgressBars */,
				112FC2CD211E703C00E3D4B7 /* AnimatedProgressBarsTests */,
			);
		};
/* End PBXProject section */

/* Begin PBXResourcesBuildPhase section */
		112FC2B5211E703B00E3D4B7 /* Resources */ = {
			isa = PBXResourcesBuildPhase;
			buildActionMask = 2147483647;
			files = (
				112FC2C8211E703C00E3D4B7 /* LaunchScreen.storyboard in Resources */,
				112FC2C5211E703C00E3D4B7 /* Assets.xcassets in Resources */,
				112FC2C0211E703B00E3D4B7 /* Main.storyboard in Resources */,
			);
			runOnlyForDeploymentPostprocessing = 0;
		};
		112FC2CC211E703C00E3D4B7 /* Resources */ = {
			isa = PBXResourcesBuildPhase;
			buildActionMask = 2147483647;
			files = (
			);
			runOnlyForDeploymentPostprocessing = 0;
		};
/* End PBXResourcesBuildPhase section */

/* Begin PBXSourcesBuildPhase section */
		112FC2B3211E703B00E3D4B7 /* Sources */ = {
			isa = PBXSourcesBuildPhase;
			buildActionMask = 2147483647;
			files = (
				112FC2BD211E703B00E3D4B7 /* ViewController.swift in Sources */,
				112FC2C3211E703B00E3D4B7 /* AnimatedProgressBars.xcdatamodeld in Sources */,
				112FC2BB211E703B00E3D4B7 /* AppDelegate.swift in Sources */,
				11760139212620BF004BDC73 /* Extensions.swift in Sources */,
			);
			runOnlyForDeploymentPostprocessing = 0;
		};
		112FC2CA211E703C00E3D4B7 /* Sources */ = {
			isa = PBXSourcesBuildPhase;
			buildActionMask = 2147483647;
			files = (
				112FC2D3211E703C00E3D4B7 /* AnimatedProgressBarsTests.swift in Sources */,
			);
			runOnlyForDeploymentPostprocessing = 0;
		};
/* End PBXSourcesBuildPhase section */

/* Begin PBXTargetDependency section */
		112FC2D0211E703C00E3D4B7 /* PBXTargetDependency */ = {
			isa = PBXTargetDependency;
			target = 112FC2B6211E703B00E3D4B7 /* AnimatedProgressBars */;
			targetProxy = 112FC2CF211E703C00E3D4B7 /* PBXContainerItemProxy */;
		};
/* End PBXTargetDependency section */

/* Begin PBXVariantGroup section */
		112FC2BE211E703B00E3D4B7 /* Main.storyboard */ = {
			isa = PBXVariantGroup;
			children = (
				112FC2BF211E703B00E3D4B7 /* Base */,
			);
			name = Main.storyboard;
			sourceTree = "<group>";
		};
		112FC2C6211E703C00E3D4B7 /* LaunchScreen.storyboard */ = {
			isa = PBXVariantGroup;
			children = (
				112FC2C7211E703C00E3D4B7 /* Base */,
			);
			name = LaunchScreen.storyboard;
			sourceTree = "<group>";
		};
/* End PBXVariantGroup section */

/* Begin XCBuildConfiguration section */
		112FC2D5211E703C00E3D4B7 /* Debug */ = {
			isa = XCBuildConfiguration;
			buildSettings = {
				ALWAYS_SEARCH_USER_PATHS = NO;
				CLANG_ANALYZER_NONNULL = YES;
				CLANG_ANALYZER_NUMBER_OBJECT_CONVERSION = YES_AGGRESSIVE;
				CLANG_CXX_LANGUAGE_STANDARD = "gnu++14";
				CLANG_CXX_LIBRARY = "libc++";
				CLANG_ENABLE_MODULES = YES;
				CLANG_ENABLE_OBJC_ARC = YES;
				CLANG_ENABLE_OBJC_WEAK = YES;
				CLANG_WARN_BLOCK_CAPTURE_AUTORELEASING = YES;
				CLANG_WARN_BOOL_CONVERSION = YES;
				CLANG_WARN_COMMA = YES;
				CLANG_WARN_CONSTANT_CONVERSION = YES;
				CLANG_WARN_DEPRECATED_OBJC_IMPLEMENTATIONS = YES;
				CLANG_WARN_DIRECT_OBJC_ISA_USAGE = YES_ERROR;
				CLANG_WARN_DOCUMENTATION_COMMENTS = YES;
				CLANG_WARN_EMPTY_BODY = YES;
				CLANG_WARN_ENUM_CONVERSION = YES;
				CLANG_WARN_INFINITE_RECURSION = YES;
				CLANG_WARN_INT_CONVERSION = YES;
				CLANG_WARN_NON_LITERAL_NULL_CONVERSION = YES;
				CLANG_WARN_OBJC_IMPLICIT_RETAIN_SELF = YES;
				CLANG_WARN_OBJC_LITERAL_CONVERSION = YES;
				CLANG_WARN_OBJC_ROOT_CLASS = YES_ERROR;
				CLANG_WARN_RANGE_LOOP_ANALYSIS = YES;
				CLANG_WARN_STRICT_PROTOTYPES = YES;
				CLANG_WARN_SUSPICIOUS_MOVE = YES;
				CLANG_WARN_UNGUARDED_AVAILABILITY = YES_AGGRESSIVE;
				CLANG_WARN_UNREACHABLE_CODE = YES;
				CLANG_WARN__DUPLICATE_METHOD_MATCH = YES;
				CODE_SIGN_IDENTITY = "iPhone Developer";
				COPY_PHASE_STRIP = NO;
				DEBUG_INFORMATION_FORMAT = dwarf;
				ENABLE_STRICT_OBJC_MSGSEND = YES;
				ENABLE_TESTABILITY = YES;
				GCC_C_LANGUAGE_STANDARD = gnu11;
				GCC_DYNAMIC_NO_PIC = NO;
				GCC_NO_COMMON_BLOCKS = YES;
				GCC_OPTIMIZATION_LEVEL = 0;
				GCC_PREPROCESSOR_DEFINITIONS = (
					"DEBUG=1",
					"$(inherited)",
				);
				GCC_WARN_64_TO_32_BIT_CONVERSION = YES;
				GCC_WARN_ABOUT_RETURN_TYPE = YES_ERROR;
				GCC_WARN_UNDECLARED_SELECTOR = YES;
				GCC_WARN_UNINITIALIZED_AUTOS = YES_AGGRESSIVE;
				GCC_WARN_UNUSED_FUNCTION = YES;
				GCC_WARN_UNUSED_VARIABLE = YES;
				IPHONEOS_DEPLOYMENT_TARGET = 11.4;
				MTL_ENABLE_DEBUG_INFO = YES;
				ONLY_ACTIVE_ARCH = YES;
				SDKROOT = iphoneos;
				SWIFT_ACTIVE_COMPILATION_CONDITIONS = DEBUG;
				SWIFT_OPTIMIZATION_LEVEL = "-Onone";
			};
			name = Debug;
		};
		112FC2D6211E703C00E3D4B7 /* Release */ = {
			isa = XCBuildConfiguration;
			buildSettings = {
				ALWAYS_SEARCH_USER_PATHS = NO;
				CLANG_ANALYZER_NONNULL = YES;
				CLANG_ANALYZER_NUMBER_OBJECT_CONVERSION = YES_AGGRESSIVE;
				CLANG_CXX_LANGUAGE_STANDARD = "gnu++14";
				CLANG_CXX_LIBRARY = "libc++";
				CLANG_ENABLE_MODULES = YES;
				CLANG_ENABLE_OBJC_ARC = YES;
				CLANG_ENABLE_OBJC_WEAK = YES;
				CLANG_WARN_BLOCK_CAPTURE_AUTORELEASING = YES;
				CLANG_WARN_BOOL_CONVERSION = YES;
				CLANG_WARN_COMMA = YES;
				CLANG_WARN_CONSTANT_CONVERSION = YES;
				CLANG_WARN_DEPRECATED_OBJC_IMPLEMENTATIONS = YES;
				CLANG_WARN_DIRECT_OBJC_ISA_USAGE = YES_ERROR;
				CLANG_WARN_DOCUMENTATION_COMMENTS = YES;
				CLANG_WARN_EMPTY_BODY = YES;
				CLANG_WARN_ENUM_CONVERSION = YES;
				CLANG_WARN_INFINITE_RECURSION = YES;
				CLANG_WARN_INT_CONVERSION = YES;
				CLANG_WARN_NON_LITERAL_NULL_CONVERSION = YES;
				CLANG_WARN_OBJC_IMPLICIT_RETAIN_SELF = YES;
				CLANG_WARN_OBJC_LITERAL_CONVERSION = YES;
				CLANG_WARN_OBJC_ROOT_CLASS = YES_ERROR;
				CLANG_WARN_RANGE_LOOP_ANALYSIS = YES;
				CLANG_WARN_STRICT_PROTOTYPES = YES;
				CLANG_WARN_SUSPICIOUS_MOVE = YES;
				CLANG_WARN_UNGUARDED_AVAILABILITY = YES_AGGRESSIVE;
				CLANG_WARN_UNREACHABLE_CODE = YES;
				CLANG_WARN__DUPLICATE_METHOD_MATCH = YES;
				CODE_SIGN_IDENTITY = "iPhone Developer";
				COPY_PHASE_STRIP = NO;
				DEBUG_INFORMATION_FORMAT = "dwarf-with-dsym";
				ENABLE_NS_ASSERTIONS = NO;
				ENABLE_STRICT_OBJC_MSGSEND = YES;
				GCC_C_LANGUAGE_STANDARD = gnu11;
				GCC_NO_COMMON_BLOCKS = YES;
				GCC_WARN_64_TO_32_BIT_CONVERSION = YES;
				GCC_WARN_ABOUT_RETURN_TYPE = YES_ERROR;
				GCC_WARN_UNDECLARED_SELECTOR = YES;
				GCC_WARN_UNINITIALIZED_AUTOS = YES_AGGRESSIVE;
				GCC_WARN_UNUSED_FUNCTION = YES;
				GCC_WARN_UNUSED_VARIABLE = YES;
				IPHONEOS_DEPLOYMENT_TARGET = 11.4;
				MTL_ENABLE_DEBUG_INFO = NO;
				SDKROOT = iphoneos;
				SWIFT_COMPILATION_MODE = wholemodule;
				SWIFT_OPTIMIZATION_LEVEL = "-O";
				VALIDATE_PRODUCT = YES;
			};
			name = Release;
		};
		112FC2D8211E703C00E3D4B7 /* Debug */ = {
			isa = XCBuildConfiguration;
			buildSettings = {
				ASSETCATALOG_COMPILER_APPICON_NAME = AppIcon;
				CODE_SIGN_STYLE = Automatic;
				DEVELOPMENT_TEAM = 5LNRDHDBM2;
				INFOPLIST_FILE = AnimatedProgressBars/Info.plist;
				LD_RUNPATH_SEARCH_PATHS = (
					"$(inherited)",
					"@executable_path/Frameworks",
				);
				PRODUCT_BUNDLE_IDENTIFIER = ahz.AnimatedProgressBars;
				PRODUCT_NAME = "$(TARGET_NAME)";
				SWIFT_VERSION = 4.0;
				TARGETED_DEVICE_FAMILY = "1,2";
			};
			name = Debug;
		};
		112FC2D9211E703C00E3D4B7 /* Release */ = {
			isa = XCBuildConfiguration;
			buildSettings = {
				ASSETCATALOG_COMPILER_APPICON_NAME = AppIcon;
				CODE_SIGN_STYLE = Automatic;
				DEVELOPMENT_TEAM = 5LNRDHDBM2;
				INFOPLIST_FILE = AnimatedProgressBars/Info.plist;
				LD_RUNPATH_SEARCH_PATHS = (
					"$(inherited)",
					"@executable_path/Frameworks",
				);
				PRODUCT_BUNDLE_IDENTIFIER = ahz.AnimatedProgressBars;
				PRODUCT_NAME = "$(TARGET_NAME)";
				SWIFT_VERSION = 4.0;
				TARGETED_DEVICE_FAMILY = "1,2";
			};
			name = Release;
		};
		112FC2DB211E703C00E3D4B7 /* Debug */ = {
			isa = XCBuildConfiguration;
			buildSettings = {
				ALWAYS_EMBED_SWIFT_STANDARD_LIBRARIES = YES;
				BUNDLE_LOADER = "$(TEST_HOST)";
				CODE_SIGN_STYLE = Automatic;
				DEVELOPMENT_TEAM = 5LNRDHDBM2;
				INFOPLIST_FILE = AnimatedProgressBarsTests/Info.plist;
				LD_RUNPATH_SEARCH_PATHS = (
					"$(inherited)",
					"@executable_path/Frameworks",
					"@loader_path/Frameworks",
				);
				PRODUCT_BUNDLE_IDENTIFIER = ahz.AnimatedProgressBarsTests;
				PRODUCT_NAME = "$(TARGET_NAME)";
				SWIFT_VERSION = 4.0;
				TARGETED_DEVICE_FAMILY = "1,2";
				TEST_HOST = "$(BUILT_PRODUCTS_DIR)/AnimatedProgressBars.app/AnimatedProgressBars";
			};
			name = Debug;
		};
		112FC2DC211E703C00E3D4B7 /* Release */ = {
			isa = XCBuildConfiguration;
			buildSettings = {
				ALWAYS_EMBED_SWIFT_STANDARD_LIBRARIES = YES;
				BUNDLE_LOADER = "$(TEST_HOST)";
				CODE_SIGN_STYLE = Automatic;
				DEVELOPMENT_TEAM = 5LNRDHDBM2;
				INFOPLIST_FILE = AnimatedProgressBarsTests/Info.plist;
				LD_RUNPATH_SEARCH_PATHS = (
					"$(inherited)",
					"@executable_path/Frameworks",
					"@loader_path/Frameworks",
				);
				PRODUCT_BUNDLE_IDENTIFIER = ahz.AnimatedProgressBarsTests;
				PRODUCT_NAME = "$(TARGET_NAME)";
				SWIFT_VERSION = 4.0;
				TARGETED_DEVICE_FAMILY = "1,2";
				TEST_HOST = "$(BUILT_PRODUCTS_DIR)/AnimatedProgressBars.app/AnimatedProgressBars";
			};
			name = Release;
		};
/* End XCBuildConfiguration section */

/* Begin XCConfigurationList section */
		112FC2B2211E703B00E3D4B7 /* Build configuration list for PBXProject "AnimatedProgressBars" */ = {
			isa = XCConfigurationList;
			buildConfigurations = (
				112FC2D5211E703C00E3D4B7 /* Debug */,
				112FC2D6211E703C00E3D4B7 /* Release */,
			);
			defaultConfigurationIsVisible = 0;
			defaultConfigurationName = Release;
		};
		112FC2D7211E703C00E3D4B7 /* Build configuration list for PBXNativeTarget "AnimatedProgressBars" */ = {
			isa = XCConfigurationList;
			buildConfigurations = (
				112FC2D8211E703C00E3D4B7 /* Debug */,
				112FC2D9211E703C00E3D4B7 /* Release */,
			);
			defaultConfigurationIsVisible = 0;
			defaultConfigurationName = Release;
		};
		112FC2DA211E703C00E3D4B7 /* Build configuration list for PBXNativeTarget "AnimatedProgressBarsTests" */ = {
			isa = XCConfigurationList;
			buildConfigurations = (
				112FC2DB211E703C00E3D4B7 /* Debug */,
				112FC2DC211E703C00E3D4B7 /* Release */,
			);
			defaultConfigurationIsVisible = 0;
			defaultConfigurationName = Release;
		};
/* End XCConfigurationList section */

/* Begin XCVersionGroup section */
		112FC2C1211E703B00E3D4B7 /* AnimatedProgressBars.xcdatamodeld */ = {
			isa = XCVersionGroup;
			children = (
				112FC2C2211E703B00E3D4B7 /* AnimatedProgressBars.xcdatamodel */,
			);
			currentVersion = 112FC2C2211E703B00E3D4B7 /* AnimatedProgressBars.xcdatamodel */;
			path = AnimatedProgressBars.xcdatamodeld;
			sourceTree = "<group>";
			versionGroupType = wrapper.xcdatamodel;
		};
/* End XCVersionGroup section */
	};
	rootObject = 112FC2AF211E703B00E3D4B7 /* Project object */;
}
